
Microsoft Visual Studio Solution File, Format Version 12.00
# Visual Studio Version 17
VisualStudioVersion = 17.8.34322.80
MinimumVisualStudioVersion = 10.0.40219.1
Project("{9A19103F-16F7-4668-BE54-9A1E7A4F7556}") = "DevIO.Business", "src\DevIO.Business\DevIO.Business.csproj", "{DB6618F8-EDE0-42E0-B958-EAEABF9FF40D}"
EndProject
Project("{9A19103F-16F7-4668-BE54-9A1E7A4F7556}") = "DevIO.Data", "src\DevIO.Data\DevIO.Data.csproj", "{F46276A0-ECB5-4B40-914E-7C444D0ADB54}"
EndProject
Project("{FAE04EC0-301F-11D3-BF4B-00C04F79EFBC}") = "DevIO.API", "src\DevIO.API\DevIO.API.csproj", "{9AB5B65E-242B-41AC-89B9-830A4D37883C}"
EndProject
Global
	GlobalSection(SolutionConfigurationPlatforms) = preSolution
		Debug|Any CPU = Debug|Any CPU
		Release|Any CPU = Release|Any CPU
	EndGlobalSection
	GlobalSection(ProjectConfigurationPlatforms) = postSolution
		{DB6618F8-EDE0-42E0-B958-EAEABF9FF40D}.Debug|Any CPU.ActiveCfg = Debug|Any CPU
		{DB6618F8-EDE0-42E0-B958-EAEABF9FF40D}.Debug|Any CPU.Build.0 = Debug|Any CPU
		{DB6618F8-EDE0-42E0-B958-EAEABF9FF40D}.Release|Any CPU.ActiveCfg = Release|Any CPU
		{DB6618F8-EDE0-42E0-B958-EAEABF9FF40D}.Release|Any CPU.Build.0 = Release|Any CPU
		{F46276A0-ECB5-4B40-914E-7C444D0ADB54}.Debug|Any CPU.ActiveCfg = Debug|Any CPU
		{F46276A0-ECB5-4B40-914E-7C444D0ADB54}.Debug|Any CPU.Build.0 = Debug|Any CPU
		{F46276A0-ECB5-4B40-914E-7C444D0ADB54}.Release|Any CPU.ActiveCfg = Release|Any CPU
		{F46276A0-ECB5-4B40-914E-7C444D0ADB54}.Release|Any CPU.Build.0 = Release|Any CPU
		{9AB5B65E-242B-41AC-89B9-830A4D37883C}.Debug|Any CPU.ActiveCfg = Debug|Any CPU
		{9AB5B65E-242B-41AC-89B9-830A4D37883C}.Debug|Any CPU.Build.0 = Debug|Any CPU
		{9AB5B65E-242B-41AC-89B9-830A4D37883C}.Release|Any CPU.ActiveCfg = Release|Any CPU
		{9AB5B65E-242B-41AC-89B9-830A4D37883C}.Release|Any CPU.Build.0 = Release|Any CPU
	EndGlobalSection
	GlobalSection(SolutionProperties) = preSolution
		HideSolutionNode = FALSE
	EndGlobalSection
	GlobalSection(ExtensibilityGlobals) = postSolution
		SolutionGuid = {50783E0E-001A-43B7-BD12-C433B9AD2793}
	EndGlobalSection
EndGlobal
